# This file is automatically @generated by Cargo.
# It is not intended for manual editing.
version = 4

[[package]]
name = "tdd-01-foundations"
version = "0.1.0"

[[package]]
name = "tdd-02-contracts"
version = "0.1.0"

[[package]]
name = "tdd-03-validator"
version = "0.1.0"

[[package]]
name = "tdd-04-nightly"
version = "0.1.0"
